// !$*UTF8*$!
{
	archiveVersion = 1;
	classes = {
	};
	objectVersion = 50;
	objects = {

/* Begin PBXBuildFile section */
		46061DC32238AE54005E2CCC /* main.swift in Sources */ = {isa = PBXBuildFile; fileRef = 46061DC22238AE54005E2CCC /* main.swift */; };
		46061DCB2238AF37005E2CCC /* SimplePizzaFactory.swift in Sources */ = {isa = PBXBuildFile; fileRef = 46061DCA2238AF37005E2CCC /* SimplePizzaFactory.swift */; };
		46061DCD2238AFF9005E2CCC /* PizzaProtocol.swift in Sources */ = {isa = PBXBuildFile; fileRef = 46061DCC2238AFF9005E2CCC /* PizzaProtocol.swift */; };
		46061DD12238B314005E2CCC /* Pizza.swift in Sources */ = {isa = PBXBuildFile; fileRef = 46061DD02238B314005E2CCC /* Pizza.swift */; };
		46061DD32238B877005E2CCC /* PizzaStore.swift in Sources */ = {isa = PBXBuildFile; fileRef = 46061DD22238B877005E2CCC /* PizzaStore.swift */; };
		46061DD52238B948005E2CCC /* CheesePizza.swift in Sources */ = {isa = PBXBuildFile; fileRef = 46061DD42238B948005E2CCC /* CheesePizza.swift */; };
		46061DD72238BB58005E2CCC /* PepperoniPizza.swift in Sources */ = {isa = PBXBuildFile; fileRef = 46061DD62238BB58005E2CCC /* PepperoniPizza.swift */; };
		46061DD92238BB9C005E2CCC /* ClamPizza.swift in Sources */ = {isa = PBXBuildFile; fileRef = 46061DD82238BB9C005E2CCC /* ClamPizza.swift */; };
/* End PBXBuildFile section */

/* Begin PBXCopyFilesBuildPhase section */
		46061DBD2238AE54005E2CCC /* CopyFiles */ = {
			isa = PBXCopyFilesBuildPhase;
			buildActionMask = 2147483647;
			dstPath = /usr/share/man/man1/;
			dstSubfolderSpec = 0;
			files = (
			);
			runOnlyForDeploymentPostprocessing = 1;
		};
/* End PBXCopyFilesBuildPhase section */

/* Begin PBXFileReference section */
		46061DBF2238AE54005E2CCC /* 简单工厂模式 */ = {isa = PBXFileReference; explicitFileType = "compiled.mach-o.executable"; includeInIndex = 0; path = "简单工厂模式"; sourceTree = BUILT_PRODUCTS_DIR; };
		46061DC22238AE54005E2CCC /* main.swift */ = {isa = PBXFileReference; lastKnownFileType = sourcecode.swift; path = main.swift; sourceTree = "<group>"; };
		46061DCA2238AF37005E2CCC /* SimplePizzaFactory.swift */ = {isa = PBXFileReference; lastKnownFileType = sourcecode.swift; path = SimplePizzaFactory.swift; sourceTree = "<group>"; };
		46061DCC2238AFF9005E2CCC /* PizzaProtocol.swift */ = {isa = PBXFileReference; lastKnownFileType = sourcecode.swift; path = PizzaProtocol.swift; sourceTree = "<group>"; };
		46061DD02238B314005E2CCC /* Pizza.swift */ = {isa = PBXFileReference; lastKnownFileType = sourcecode.swift; path = Pizza.swift; sourceTree = "<group>"; };
		46061DD22238B877005E2CCC /* PizzaStore.swift */ = {isa = PBXFileReference; lastKnownFileType = sourcecode.swift; path = PizzaStore.swift; sourceTree = "<group>"; };
		46061DD42238B948005E2CCC /* CheesePizza.swift */ = {isa = PBXFileReference; lastKnownFileType = sourcecode.swift; path = CheesePizza.swift; sourceTree = "<group>"; };
		46061DD62238BB58005E2CCC /* PepperoniPizza.swift */ = {isa = PBXFileReference; lastKnownFileType = sourcecode.swift; path = PepperoniPizza.swift; sourceTree = "<group>"; };
		46061DD82238BB9C005E2CCC /* ClamPizza.swift */ = {isa = PBXFileReference; lastKnownFileType = sourcecode.swift; path = ClamPizza.swift; sourceTree = "<group>"; };
/* End PBXFileReference section */

/* Begin PBXFrameworksBuildPhase section */
		46061DBC2238AE54005E2CCC /* Frameworks */ = {
			isa = PBXFrameworksBuildPhase;
			buildActionMask = 2147483647;
			files = (
			);
			runOnlyForDeploymentPostprocessing = 0;
		};
/* End PBXFrameworksBuildPhase section */

/* Begin PBXGroup section */
		46061DB62238AE54005E2CCC = {
			isa = PBXGroup;
			children = (
				46061DC12238AE54005E2CCC /* 简单工厂模式 */,
				46061DC02238AE54005E2CCC /* Products */,
			);
			sourceTree = "<group>";
		};
		46061DC02238AE54005E2CCC /* Products */ = {
			isa = PBXGroup;
			children = (
				46061DBF2238AE54005E2CCC /* 简单工厂模式 */,
			);
			name = Products;
			sourceTree = "<group>";
		};
		46061DC12238AE54005E2CCC /* 简单工厂模式 */ = {
			isa = PBXGroup;
			children = (
				46061DC92238AE7E005E2CCC /* Source */,
				46061DC22238AE54005E2CCC /* main.swift */,
			);
			path = "简单工厂模式";
			sourceTree = "<group>";
		};
		46061DC92238AE7E005E2CCC /* Source */ = {
			isa = PBXGroup;
			children = (
				46061DDA2238BC28005E2CCC /* Store */,
				46061DCF2238B2EF005E2CCC /* Factory */,
				46061DCE2238B2DF005E2CCC /* Concrete */,
			);
			path = Source;
			sourceTree = "<group>";
		};
		46061DCE2238B2DF005E2CCC /* Concrete */ = {
			isa = PBXGroup;
			children = (
				46061DCC2238AFF9005E2CCC /* PizzaProtocol.swift */,
				46061DD02238B314005E2CCC /* Pizza.swift */,
				46061DD42238B948005E2CCC /* CheesePizza.swift */,
				46061DD62238BB58005E2CCC /* PepperoniPizza.swift */,
				46061DD82238BB9C005E2CCC /* ClamPizza.swift */,
			);
			path = Concrete;
			sourceTree = "<group>";
		};
		46061DCF2238B2EF005E2CCC /* Factory */ = {
			isa = PBXGroup;
			children = (
				46061DCA2238AF37005E2CCC /* SimplePizzaFactory.swift */,
			);
			path = Factory;
			sourceTree = "<group>";
		};
		46061DDA2238BC28005E2CCC /* Store */ = {
			isa = PBXGroup;
			children = (
				46061DD22238B877005E2CCC /* PizzaStore.swift */,
			);
			path = Store;
			sourceTree = "<group>";
		};
/* End PBXGroup section */

/* Begin PBXNativeTarget section */
		46061DBE2238AE54005E2CCC /* 简单工厂模式 */ = {
			isa = PBXNativeTarget;
			buildConfigurationList = 46061DC62238AE54005E2CCC /* Build configuration list for PBXNativeTarget "简单工厂模式" */;
			buildPhases = (
				46061DBB2238AE54005E2CCC /* Sources */,
				46061DBC2238AE54005E2CCC /* Frameworks */,
				46061DBD2238AE54005E2CCC /* CopyFiles */,
			);
			buildRules = (
			);
			dependencies = (
			);
			name = "简单工厂模式";
			productName = "简单工厂模式";
			productReference = 46061DBF2238AE54005E2CCC /* 简单工厂模式 */;
			productType = "com.apple.product-type.tool";
		};
/* End PBXNativeTarget section */

/* Begin PBXProject section */
		46061DB72238AE54005E2CCC /* Project object */ = {
			isa = PBXProject;
			attributes = {
				LastSwiftUpdateCheck = 1010;
				LastUpgradeCheck = 1010;
				ORGANIZATIONNAME = zilly.MAC009;
				TargetAttributes = {
					46061DBE2238AE54005E2CCC = {
						CreatedOnToolsVersion = 10.1;
					};
				};
			};
			buildConfigurationList = 46061DBA2238AE54005E2CCC /* Build configuration list for PBXProject "简单工厂模式" */;
			compatibilityVersion = "Xcode 9.3";
			developmentRegion = en;
			hasScannedForEncodings = 0;
			knownRegions = (
				en,
			);
			mainGroup = 46061DB62238AE54005E2CCC;
			productRefGroup = 46061DC02238AE54005E2CCC /* Products */;
			projectDirPath = "";
			projectRoot = "";
			targets = (
				46061DBE2238AE54005E2CCC /* 简单工厂模式 */,
			);
		};
/* End PBXProject section */

/* Begin PBXSourcesBuildPhase section */
		46061DBB2238AE54005E2CCC /* Sources */ = {
			isa = PBXSourcesBuildPhase;
			buildActionMask = 2147483647;
			files = (
				46061DD12238B314005E2CCC /* Pizza.swift in Sources */,
				46061DCB2238AF37005E2CCC /* SimplePizzaFactory.swift in Sources */,
				46061DCD2238AFF9005E2CCC /* PizzaProtocol.swift in Sources */,
				46061DD72238BB58005E2CCC /* PepperoniPizza.swift in Sources */,
				46061DD52238B948005E2CCC /* CheesePizza.swift in Sources */,
				46061DD92238BB9C005E2CCC /* ClamPizza.swift in Sources */,
				46061DC32238AE54005E2CCC /* main.swift in Sources */,
				46061DD32238B877005E2CCC /* PizzaStore.swift in Sources */,
			);
			runOnlyForDeploymentPostprocessing = 0;
		};
/* End PBXSourcesBuildPhase section */

/* Begin XCBuildConfiguration section */
		46061DC42238AE54005E2CCC /* Debug */ = {
			isa = XCBuildConfiguration;
			buildSettings = {
				ALWAYS_SEARCH_USER_PATHS = NO;
				CLANG_ANALYZER_NONNULL = YES;
				CLANG_ANALYZER_NUMBER_OBJECT_CONVERSION = YES_AGGRESSIVE;
				CLANG_CXX_LANGUAGE_STANDARD = "gnu++14";
				CLANG_CXX_LIBRARY = "libc++";
				CLANG_ENABLE_MODULES = YES;
				CLANG_ENABLE_OBJC_ARC = YES;
				CLANG_ENABLE_OBJC_WEAK = YES;
				CLANG_WARN_BLOCK_CAPTURE_AUTORELEASING = YES;
				CLANG_WARN_BOOL_CONVERSION = YES;
				CLANG_WARN_COMMA = YES;
				CLANG_WARN_CONSTANT_CONVERSION = YES;
				CLANG_WARN_DEPRECATED_OBJC_IMPLEMENTATIONS = YES;
				CLANG_WARN_DIRECT_OBJC_ISA_USAGE = YES_ERROR;
				CLANG_WARN_DOCUMENTATION_COMMENTS = YES;
				CLANG_WARN_EMPTY_BODY = YES;
				CLANG_WARN_ENUM_CONVERSION = YES;
				CLANG_WARN_INFINITE_RECURSION = YES;
				CLANG_WARN_INT_CONVERSION = YES;
				CLANG_WARN_NON_LITERAL_NULL_CONVERSION = YES;
				CLANG_WARN_OBJC_IMPLICIT_RETAIN_SELF = YES;
				CLANG_WARN_OBJC_LITERAL_CONVERSION = YES;
				CLANG_WARN_OBJC_ROOT_CLASS = YES_ERROR;
				CLANG_WARN_RANGE_LOOP_ANALYSIS = YES;
				CLANG_WARN_STRICT_PROTOTYPES = YES;
				CLANG_WARN_SUSPICIOUS_MOVE = YES;
				CLANG_WARN_UNGUARDED_AVAILABILITY = YES_AGGRESSIVE;
				CLANG_WARN_UNREACHABLE_CODE = YES;
				CLANG_WARN__DUPLICATE_METHOD_MATCH = YES;
				CODE_SIGN_IDENTITY = "Mac Developer";
				COPY_PHASE_STRIP = NO;
				DEBUG_INFORMATION_FORMAT = dwarf;
				ENABLE_STRICT_OBJC_MSGSEND = YES;
				ENABLE_TESTABILITY = YES;
				GCC_C_LANGUAGE_STANDARD = gnu11;
				GCC_DYNAMIC_NO_PIC = NO;
				GCC_NO_COMMON_BLOCKS = YES;
				GCC_OPTIMIZATION_LEVEL = 0;
				GCC_PREPROCESSOR_DEFINITIONS = (
					"DEBUG=1",
					"$(inherited)",
				);
				GCC_WARN_64_TO_32_BIT_CONVERSION = YES;
				GCC_WARN_ABOUT_RETURN_TYPE = YES_ERROR;
				GCC_WARN_UNDECLARED_SELECTOR = YES;
				GCC_WARN_UNINITIALIZED_AUTOS = YES_AGGRESSIVE;
				GCC_WARN_UNUSED_FUNCTION = YES;
				GCC_WARN_UNUSED_VARIABLE = YES;
				MACOSX_DEPLOYMENT_TARGET = 10.14;
				MTL_ENABLE_DEBUG_INFO = INCLUDE_SOURCE;
				MTL_FAST_MATH = YES;
				ONLY_ACTIVE_ARCH = YES;
				SDKROOT = macosx;
				SWIFT_ACTIVE_COMPILATION_CONDITIONS = DEBUG;
				SWIFT_OPTIMIZATION_LEVEL = "-Onone";
			};
			name = Debug;
		};
		46061DC52238AE54005E2CCC /* Release */ = {
			isa = XCBuildConfiguration;
			buildSettings = {
				ALWAYS_SEARCH_USER_PATHS = NO;
				CLANG_ANALYZER_NONNULL = YES;
				CLANG_ANALYZER_NUMBER_OBJECT_CONVERSION = YES_AGGRESSIVE;
				CLANG_CXX_LANGUAGE_STANDARD = "gnu++14";
				CLANG_CXX_LIBRARY = "libc++";
				CLANG_ENABLE_MODULES = YES;
				CLANG_ENABLE_OBJC_ARC = YES;
				CLANG_ENABLE_OBJC_WEAK = YES;
				CLANG_WARN_BLOCK_CAPTURE_AUTORELEASING = YES;
				CLANG_WARN_BOOL_CONVERSION = YES;
				CLANG_WARN_COMMA = YES;
				CLANG_WARN_CONSTANT_CONVERSION = YES;
				CLANG_WARN_DEPRECATED_OBJC_IMPLEMENTATIONS = YES;
				CLANG_WARN_DIRECT_OBJC_ISA_USAGE = YES_ERROR;
				CLANG_WARN_DOCUMENTATION_COMMENTS = YES;
				CLANG_WARN_EMPTY_BODY = YES;
				CLANG_WARN_ENUM_CONVERSION = YES;
				CLANG_WARN_INFINITE_RECURSION = YES;
				CLANG_WARN_INT_CONVERSION = YES;
				CLANG_WARN_NON_LITERAL_NULL_CONVERSION = YES;
				CLANG_WARN_OBJC_IMPLICIT_RETAIN_SELF = YES;
				CLANG_WARN_OBJC_LITERAL_CONVERSION = YES;
				CLANG_WARN_OBJC_ROOT_CLASS = YES_ERROR;
				CLANG_WARN_RANGE_LOOP_ANALYSIS = YES;
				CLANG_WARN_STRICT_PROTOTYPES = YES;
				CLANG_WARN_SUSPICIOUS_MOVE = YES;
				CLANG_WARN_UNGUARDED_AVAILABILITY = YES_AGGRESSIVE;
				CLANG_WARN_UNREACHABLE_CODE = YES;
				CLANG_WARN__DUPLICATE_METHOD_MATCH = YES;
				CODE_SIGN_IDENTITY = "Mac Developer";
				COPY_PHASE_STRIP = NO;
				DEBUG_INFORMATION_FORMAT = "dwarf-with-dsym";
				ENABLE_NS_ASSERTIONS = NO;
				ENABLE_STRICT_OBJC_MSGSEND = YES;
				GCC_C_LANGUAGE_STANDARD = gnu11;
				GCC_NO_COMMON_BLOCKS = YES;
				GCC_WARN_64_TO_32_BIT_CONVERSION = YES;
				GCC_WARN_ABOUT_RETURN_TYPE = YES_ERROR;
				GCC_WARN_UNDECLARED_SELECTOR = YES;
				GCC_WARN_UNINITIALIZED_AUTOS = YES_AGGRESSIVE;
				GCC_WARN_UNUSED_FUNCTION = YES;
				GCC_WARN_UNUSED_VARIABLE = YES;
				MACOSX_DEPLOYMENT_TARGET = 10.14;
				MTL_ENABLE_DEBUG_INFO = NO;
				MTL_FAST_MATH = YES;
				SDKROOT = macosx;
				SWIFT_COMPILATION_MODE = wholemodule;
				SWIFT_OPTIMIZATION_LEVEL = "-O";
			};
			name = Release;
		};
		46061DC72238AE54005E2CCC /* Debug */ = {
			isa = XCBuildConfiguration;
			buildSettings = {
				CODE_SIGN_STYLE = Automatic;
				DEVELOPMENT_TEAM = RF8573ZW29;
				PRODUCT_NAME = "$(TARGET_NAME)";
				SWIFT_VERSION = 4.2;
			};
			name = Debug;
		};
		46061DC82238AE54005E2CCC /* Release */ = {
			isa = XCBuildConfiguration;
			buildSettings = {
				CODE_SIGN_STYLE = Automatic;
				DEVELOPMENT_TEAM = RF8573ZW29;
				PRODUCT_NAME = "$(TARGET_NAME)";
				SWIFT_VERSION = 4.2;
			};
			name = Release;
		};
/* End XCBuildConfiguration section */

/* Begin XCConfigurationList section */
		46061DBA2238AE54005E2CCC /* Build configuration list for PBXProject "简单工厂模式" */ = {
			isa = XCConfigurationList;
			buildConfigurations = (
				46061DC42238AE54005E2CCC /* Debug */,
				46061DC52238AE54005E2CCC /* Release */,
			);
			defaultConfigurationIsVisible = 0;
			defaultConfigurationName = Release;
		};
		46061DC62238AE54005E2CCC /* Build configuration list for PBXNativeTarget "简单工厂模式" */ = {
			isa = XCConfigurationList;
			buildConfigurations = (
				46061DC72238AE54005E2CCC /* Debug */,
				46061DC82238AE54005E2CCC /* Release */,
			);
			defaultConfigurationIsVisible = 0;
			defaultConfigurationName = Release;
		};
/* End XCConfigurationList section */
	};
	rootObject = 46061DB72238AE54005E2CCC /* Project object */;
}
