// !$*UTF8*$!
{
	archiveVersion = 1;
	classes = {
	};
	objectVersion = 50;
	objects = {

/* Begin PBXBuildFile section */
		467F8EFD2236065200BB0687 /* main.swift in Sources */ = {isa = PBXBuildFile; fileRef = 467F8EFC2236065200BB0687 /* main.swift */; };
		467F8F05223606D600BB0687 /* ObserverProtocol.swift in Sources */ = {isa = PBXBuildFile; fileRef = 467F8F04223606D600BB0687 /* ObserverProtocol.swift */; };
		467F8F072236078200BB0687 /* SubjectProtocol.swift in Sources */ = {isa = PBXBuildFile; fileRef = 467F8F062236078100BB0687 /* SubjectProtocol.swift */; };
		467F8F09223607C900BB0687 /* WeatherData.swift in Sources */ = {isa = PBXBuildFile; fileRef = 467F8F08223607C900BB0687 /* WeatherData.swift */; };
		467F8F0B2236087800BB0687 /* DisplaymentProtocol.swift in Sources */ = {isa = PBXBuildFile; fileRef = 467F8F0A2236087800BB0687 /* DisplaymentProtocol.swift */; };
		467F8F0D223608BE00BB0687 /* StatisticsDisplay.swift in Sources */ = {isa = PBXBuildFile; fileRef = 467F8F0C223608BE00BB0687 /* StatisticsDisplay.swift */; };
		467F8F122236224000BB0687 /* ThirdPartyDisplay.swift in Sources */ = {isa = PBXBuildFile; fileRef = 467F8F112236224000BB0687 /* ThirdPartyDisplay.swift */; };
		467F8F14223622CF00BB0687 /* ForecastDisplay.swift in Sources */ = {isa = PBXBuildFile; fileRef = 467F8F13223622CF00BB0687 /* ForecastDisplay.swift */; };
		467F8F1622363C0B00BB0687 /* WeatherData2.swift in Sources */ = {isa = PBXBuildFile; fileRef = 467F8F1522363C0B00BB0687 /* WeatherData2.swift */; };
/* End PBXBuildFile section */

/* Begin PBXCopyFilesBuildPhase section */
		467F8EF72236065200BB0687 /* CopyFiles */ = {
			isa = PBXCopyFilesBuildPhase;
			buildActionMask = 2147483647;
			dstPath = /usr/share/man/man1/;
			dstSubfolderSpec = 0;
			files = (
			);
			runOnlyForDeploymentPostprocessing = 1;
		};
/* End PBXCopyFilesBuildPhase section */

/* Begin PBXFileReference section */
		467F8EF92236065200BB0687 /* Observer */ = {isa = PBXFileReference; explicitFileType = "compiled.mach-o.executable"; includeInIndex = 0; path = Observer; sourceTree = BUILT_PRODUCTS_DIR; };
		467F8EFC2236065200BB0687 /* main.swift */ = {isa = PBXFileReference; lastKnownFileType = sourcecode.swift; path = main.swift; sourceTree = "<group>"; };
		467F8F04223606D600BB0687 /* ObserverProtocol.swift */ = {isa = PBXFileReference; lastKnownFileType = sourcecode.swift; path = ObserverProtocol.swift; sourceTree = "<group>"; };
		467F8F062236078100BB0687 /* SubjectProtocol.swift */ = {isa = PBXFileReference; lastKnownFileType = sourcecode.swift; path = SubjectProtocol.swift; sourceTree = "<group>"; };
		467F8F08223607C900BB0687 /* WeatherData.swift */ = {isa = PBXFileReference; lastKnownFileType = sourcecode.swift; path = WeatherData.swift; sourceTree = "<group>"; };
		467F8F0A2236087800BB0687 /* DisplaymentProtocol.swift */ = {isa = PBXFileReference; lastKnownFileType = sourcecode.swift; path = DisplaymentProtocol.swift; sourceTree = "<group>"; };
		467F8F0C223608BE00BB0687 /* StatisticsDisplay.swift */ = {isa = PBXFileReference; lastKnownFileType = sourcecode.swift; path = StatisticsDisplay.swift; sourceTree = "<group>"; };
		467F8F112236224000BB0687 /* ThirdPartyDisplay.swift */ = {isa = PBXFileReference; lastKnownFileType = sourcecode.swift; path = ThirdPartyDisplay.swift; sourceTree = "<group>"; };
		467F8F13223622CF00BB0687 /* ForecastDisplay.swift */ = {isa = PBXFileReference; lastKnownFileType = sourcecode.swift; path = ForecastDisplay.swift; sourceTree = "<group>"; };
		467F8F1522363C0B00BB0687 /* WeatherData2.swift */ = {isa = PBXFileReference; lastKnownFileType = sourcecode.swift; path = WeatherData2.swift; sourceTree = "<group>"; };
/* End PBXFileReference section */

/* Begin PBXFrameworksBuildPhase section */
		467F8EF62236065200BB0687 /* Frameworks */ = {
			isa = PBXFrameworksBuildPhase;
			buildActionMask = 2147483647;
			files = (
			);
			runOnlyForDeploymentPostprocessing = 0;
		};
/* End PBXFrameworksBuildPhase section */

/* Begin PBXGroup section */
		467F8EF02236065200BB0687 = {
			isa = PBXGroup;
			children = (
				467F8EFB2236065200BB0687 /* Observer */,
				467F8EFA2236065200BB0687 /* Products */,
			);
			sourceTree = "<group>";
		};
		467F8EFA2236065200BB0687 /* Products */ = {
			isa = PBXGroup;
			children = (
				467F8EF92236065200BB0687 /* Observer */,
			);
			name = Products;
			sourceTree = "<group>";
		};
		467F8EFB2236065200BB0687 /* Observer */ = {
			isa = PBXGroup;
			children = (
				467F8F032236068900BB0687 /* Source */,
				467F8EFC2236065200BB0687 /* main.swift */,
			);
			path = Observer;
			sourceTree = "<group>";
		};
		467F8F032236068900BB0687 /* Source */ = {
			isa = PBXGroup;
			children = (
				467F8F102236220E00BB0687 /* Subject */,
				467F8F0F223621FA00BB0687 /* Observer */,
			);
			name = Source;
			sourceTree = "<group>";
		};
		467F8F0F223621FA00BB0687 /* Observer */ = {
			isa = PBXGroup;
			children = (
				467F8F04223606D600BB0687 /* ObserverProtocol.swift */,
				467F8F0A2236087800BB0687 /* DisplaymentProtocol.swift */,
				467F8F0C223608BE00BB0687 /* StatisticsDisplay.swift */,
				467F8F13223622CF00BB0687 /* ForecastDisplay.swift */,
				467F8F112236224000BB0687 /* ThirdPartyDisplay.swift */,
			);
			name = Observer;
			sourceTree = "<group>";
		};
		467F8F102236220E00BB0687 /* Subject */ = {
			isa = PBXGroup;
			children = (
				467F8F062236078100BB0687 /* SubjectProtocol.swift */,
				467F8F08223607C900BB0687 /* WeatherData.swift */,
				467F8F1522363C0B00BB0687 /* WeatherData2.swift */,
			);
			name = Subject;
			sourceTree = "<group>";
		};
/* End PBXGroup section */

/* Begin PBXNativeTarget section */
		467F8EF82236065200BB0687 /* Observer */ = {
			isa = PBXNativeTarget;
			buildConfigurationList = 467F8F002236065200BB0687 /* Build configuration list for PBXNativeTarget "Observer" */;
			buildPhases = (
				467F8EF52236065200BB0687 /* Sources */,
				467F8EF62236065200BB0687 /* Frameworks */,
				467F8EF72236065200BB0687 /* CopyFiles */,
			);
			buildRules = (
			);
			dependencies = (
			);
			name = Observer;
			productName = Observer;
			productReference = 467F8EF92236065200BB0687 /* Observer */;
			productType = "com.apple.product-type.tool";
		};
/* End PBXNativeTarget section */

/* Begin PBXProject section */
		467F8EF12236065200BB0687 /* Project object */ = {
			isa = PBXProject;
			attributes = {
				LastSwiftUpdateCheck = 1010;
				LastUpgradeCheck = 1010;
				ORGANIZATIONNAME = zilly.MAC009;
				TargetAttributes = {
					467F8EF82236065200BB0687 = {
						CreatedOnToolsVersion = 10.1;
					};
				};
			};
			buildConfigurationList = 467F8EF42236065200BB0687 /* Build configuration list for PBXProject "Observer" */;
			compatibilityVersion = "Xcode 9.3";
			developmentRegion = en;
			hasScannedForEncodings = 0;
			knownRegions = (
				en,
			);
			mainGroup = 467F8EF02236065200BB0687;
			productRefGroup = 467F8EFA2236065200BB0687 /* Products */;
			projectDirPath = "";
			projectRoot = "";
			targets = (
				467F8EF82236065200BB0687 /* Observer */,
			);
		};
/* End PBXProject section */

/* Begin PBXSourcesBuildPhase section */
		467F8EF52236065200BB0687 /* Sources */ = {
			isa = PBXSourcesBuildPhase;
			buildActionMask = 2147483647;
			files = (
				467F8F122236224000BB0687 /* ThirdPartyDisplay.swift in Sources */,
				467F8F0B2236087800BB0687 /* DisplaymentProtocol.swift in Sources */,
				467F8F1622363C0B00BB0687 /* WeatherData2.swift in Sources */,
				467F8EFD2236065200BB0687 /* main.swift in Sources */,
				467F8F09223607C900BB0687 /* WeatherData.swift in Sources */,
				467F8F05223606D600BB0687 /* ObserverProtocol.swift in Sources */,
				467F8F14223622CF00BB0687 /* ForecastDisplay.swift in Sources */,
				467F8F072236078200BB0687 /* SubjectProtocol.swift in Sources */,
				467F8F0D223608BE00BB0687 /* StatisticsDisplay.swift in Sources */,
			);
			runOnlyForDeploymentPostprocessing = 0;
		};
/* End PBXSourcesBuildPhase section */

/* Begin XCBuildConfiguration section */
		467F8EFE2236065200BB0687 /* Debug */ = {
			isa = XCBuildConfiguration;
			buildSettings = {
				ALWAYS_SEARCH_USER_PATHS = NO;
				CLANG_ANALYZER_NONNULL = YES;
				CLANG_ANALYZER_NUMBER_OBJECT_CONVERSION = YES_AGGRESSIVE;
				CLANG_CXX_LANGUAGE_STANDARD = "gnu++14";
				CLANG_CXX_LIBRARY = "libc++";
				CLANG_ENABLE_MODULES = YES;
				CLANG_ENABLE_OBJC_ARC = YES;
				CLANG_ENABLE_OBJC_WEAK = YES;
				CLANG_WARN_BLOCK_CAPTURE_AUTORELEASING = YES;
				CLANG_WARN_BOOL_CONVERSION = YES;
				CLANG_WARN_COMMA = YES;
				CLANG_WARN_CONSTANT_CONVERSION = YES;
				CLANG_WARN_DEPRECATED_OBJC_IMPLEMENTATIONS = YES;
				CLANG_WARN_DIRECT_OBJC_ISA_USAGE = YES_ERROR;
				CLANG_WARN_DOCUMENTATION_COMMENTS = YES;
				CLANG_WARN_EMPTY_BODY = YES;
				CLANG_WARN_ENUM_CONVERSION = YES;
				CLANG_WARN_INFINITE_RECURSION = YES;
				CLANG_WARN_INT_CONVERSION = YES;
				CLANG_WARN_NON_LITERAL_NULL_CONVERSION = YES;
				CLANG_WARN_OBJC_IMPLICIT_RETAIN_SELF = YES;
				CLANG_WARN_OBJC_LITERAL_CONVERSION = YES;
				CLANG_WARN_OBJC_ROOT_CLASS = YES_ERROR;
				CLANG_WARN_RANGE_LOOP_ANALYSIS = YES;
				CLANG_WARN_STRICT_PROTOTYPES = YES;
				CLANG_WARN_SUSPICIOUS_MOVE = YES;
				CLANG_WARN_UNGUARDED_AVAILABILITY = YES_AGGRESSIVE;
				CLANG_WARN_UNREACHABLE_CODE = YES;
				CLANG_WARN__DUPLICATE_METHOD_MATCH = YES;
				CODE_SIGN_IDENTITY = "Mac Developer";
				COPY_PHASE_STRIP = NO;
				DEBUG_INFORMATION_FORMAT = dwarf;
				ENABLE_STRICT_OBJC_MSGSEND = YES;
				ENABLE_TESTABILITY = YES;
				GCC_C_LANGUAGE_STANDARD = gnu11;
				GCC_DYNAMIC_NO_PIC = NO;
				GCC_NO_COMMON_BLOCKS = YES;
				GCC_OPTIMIZATION_LEVEL = 0;
				GCC_PREPROCESSOR_DEFINITIONS = (
					"DEBUG=1",
					"$(inherited)",
				);
				GCC_WARN_64_TO_32_BIT_CONVERSION = YES;
				GCC_WARN_ABOUT_RETURN_TYPE = YES_ERROR;
				GCC_WARN_UNDECLARED_SELECTOR = YES;
				GCC_WARN_UNINITIALIZED_AUTOS = YES_AGGRESSIVE;
				GCC_WARN_UNUSED_FUNCTION = YES;
				GCC_WARN_UNUSED_VARIABLE = YES;
				MACOSX_DEPLOYMENT_TARGET = 10.14;
				MTL_ENABLE_DEBUG_INFO = INCLUDE_SOURCE;
				MTL_FAST_MATH = YES;
				ONLY_ACTIVE_ARCH = YES;
				SDKROOT = macosx;
				SWIFT_ACTIVE_COMPILATION_CONDITIONS = DEBUG;
				SWIFT_OPTIMIZATION_LEVEL = "-Onone";
			};
			name = Debug;
		};
		467F8EFF2236065200BB0687 /* Release */ = {
			isa = XCBuildConfiguration;
			buildSettings = {
				ALWAYS_SEARCH_USER_PATHS = NO;
				CLANG_ANALYZER_NONNULL = YES;
				CLANG_ANALYZER_NUMBER_OBJECT_CONVERSION = YES_AGGRESSIVE;
				CLANG_CXX_LANGUAGE_STANDARD = "gnu++14";
				CLANG_CXX_LIBRARY = "libc++";
				CLANG_ENABLE_MODULES = YES;
				CLANG_ENABLE_OBJC_ARC = YES;
				CLANG_ENABLE_OBJC_WEAK = YES;
				CLANG_WARN_BLOCK_CAPTURE_AUTORELEASING = YES;
				CLANG_WARN_BOOL_CONVERSION = YES;
				CLANG_WARN_COMMA = YES;
				CLANG_WARN_CONSTANT_CONVERSION = YES;
				CLANG_WARN_DEPRECATED_OBJC_IMPLEMENTATIONS = YES;
				CLANG_WARN_DIRECT_OBJC_ISA_USAGE = YES_ERROR;
				CLANG_WARN_DOCUMENTATION_COMMENTS = YES;
				CLANG_WARN_EMPTY_BODY = YES;
				CLANG_WARN_ENUM_CONVERSION = YES;
				CLANG_WARN_INFINITE_RECURSION = YES;
				CLANG_WARN_INT_CONVERSION = YES;
				CLANG_WARN_NON_LITERAL_NULL_CONVERSION = YES;
				CLANG_WARN_OBJC_IMPLICIT_RETAIN_SELF = YES;
				CLANG_WARN_OBJC_LITERAL_CONVERSION = YES;
				CLANG_WARN_OBJC_ROOT_CLASS = YES_ERROR;
				CLANG_WARN_RANGE_LOOP_ANALYSIS = YES;
				CLANG_WARN_STRICT_PROTOTYPES = YES;
				CLANG_WARN_SUSPICIOUS_MOVE = YES;
				CLANG_WARN_UNGUARDED_AVAILABILITY = YES_AGGRESSIVE;
				CLANG_WARN_UNREACHABLE_CODE = YES;
				CLANG_WARN__DUPLICATE_METHOD_MATCH = YES;
				CODE_SIGN_IDENTITY = "Mac Developer";
				COPY_PHASE_STRIP = NO;
				DEBUG_INFORMATION_FORMAT = "dwarf-with-dsym";
				ENABLE_NS_ASSERTIONS = NO;
				ENABLE_STRICT_OBJC_MSGSEND = YES;
				GCC_C_LANGUAGE_STANDARD = gnu11;
				GCC_NO_COMMON_BLOCKS = YES;
				GCC_WARN_64_TO_32_BIT_CONVERSION = YES;
				GCC_WARN_ABOUT_RETURN_TYPE = YES_ERROR;
				GCC_WARN_UNDECLARED_SELECTOR = YES;
				GCC_WARN_UNINITIALIZED_AUTOS = YES_AGGRESSIVE;
				GCC_WARN_UNUSED_FUNCTION = YES;
				GCC_WARN_UNUSED_VARIABLE = YES;
				MACOSX_DEPLOYMENT_TARGET = 10.14;
				MTL_ENABLE_DEBUG_INFO = NO;
				MTL_FAST_MATH = YES;
				SDKROOT = macosx;
				SWIFT_COMPILATION_MODE = wholemodule;
				SWIFT_OPTIMIZATION_LEVEL = "-O";
			};
			name = Release;
		};
		467F8F012236065200BB0687 /* Debug */ = {
			isa = XCBuildConfiguration;
			buildSettings = {
				CODE_SIGN_STYLE = Automatic;
				DEVELOPMENT_TEAM = RF8573ZW29;
				PRODUCT_NAME = "$(TARGET_NAME)";
				SWIFT_VERSION = 4.2;
			};
			name = Debug;
		};
		467F8F022236065200BB0687 /* Release */ = {
			isa = XCBuildConfiguration;
			buildSettings = {
				CODE_SIGN_STYLE = Automatic;
				DEVELOPMENT_TEAM = RF8573ZW29;
				PRODUCT_NAME = "$(TARGET_NAME)";
				SWIFT_VERSION = 4.2;
			};
			name = Release;
		};
/* End XCBuildConfiguration section */

/* Begin XCConfigurationList section */
		467F8EF42236065200BB0687 /* Build configuration list for PBXProject "Observer" */ = {
			isa = XCConfigurationList;
			buildConfigurations = (
				467F8EFE2236065200BB0687 /* Debug */,
				467F8EFF2236065200BB0687 /* Release */,
			);
			defaultConfigurationIsVisible = 0;
			defaultConfigurationName = Release;
		};
		467F8F002236065200BB0687 /* Build configuration list for PBXNativeTarget "Observer" */ = {
			isa = XCConfigurationList;
			buildConfigurations = (
				467F8F012236065200BB0687 /* Debug */,
				467F8F022236065200BB0687 /* Release */,
			);
			defaultConfigurationIsVisible = 0;
			defaultConfigurationName = Release;
		};
/* End XCConfigurationList section */
	};
	rootObject = 467F8EF12236065200BB0687 /* Project object */;
}
