// !$*UTF8*$!
{
	archiveVersion = 1;
	classes = {
	};
	objectVersion = 50;
	objects = {

/* Begin PBXBuildFile section */
		711A11BB2251E03500DF5658 /* MenuItem.swift in Sources */ = {isa = PBXBuildFile; fileRef = 711A11BA2251E03500DF5658 /* MenuItem.swift */; };
		71EB3669224CD40C00FA2708 /* Client.swift in Sources */ = {isa = PBXBuildFile; fileRef = 71EB3668224CD40C00FA2708 /* Client.swift */; };
		71EE223B22519B8B00637860 /* MenuComponent.swift in Sources */ = {isa = PBXBuildFile; fileRef = 71EE223A22519B8B00637860 /* MenuComponent.swift */; };
		71EE223D2251A41400637860 /* Menu.swift in Sources */ = {isa = PBXBuildFile; fileRef = 71EE223C2251A41400637860 /* Menu.swift */; };
		71F4E619224C934B00F847CE /* main.swift in Sources */ = {isa = PBXBuildFile; fileRef = 71F4E618224C934B00F847CE /* main.swift */; };
/* End PBXBuildFile section */

/* Begin PBXCopyFilesBuildPhase section */
		71F4E613224C934B00F847CE /* CopyFiles */ = {
			isa = PBXCopyFilesBuildPhase;
			buildActionMask = 2147483647;
			dstPath = /usr/share/man/man1/;
			dstSubfolderSpec = 0;
			files = (
			);
			runOnlyForDeploymentPostprocessing = 1;
		};
/* End PBXCopyFilesBuildPhase section */

/* Begin PBXFileReference section */
		711A11BA2251E03500DF5658 /* MenuItem.swift */ = {isa = PBXFileReference; lastKnownFileType = sourcecode.swift; path = MenuItem.swift; sourceTree = "<group>"; };
		71EB3668224CD40C00FA2708 /* Client.swift */ = {isa = PBXFileReference; lastKnownFileType = sourcecode.swift; path = Client.swift; sourceTree = "<group>"; };
		71EE223A22519B8B00637860 /* MenuComponent.swift */ = {isa = PBXFileReference; lastKnownFileType = sourcecode.swift; path = MenuComponent.swift; sourceTree = "<group>"; };
		71EE223C2251A41400637860 /* Menu.swift */ = {isa = PBXFileReference; lastKnownFileType = sourcecode.swift; path = Menu.swift; sourceTree = "<group>"; };
		71F4E615224C934B00F847CE /* 迭代器 */ = {isa = PBXFileReference; explicitFileType = "compiled.mach-o.executable"; includeInIndex = 0; path = "迭代器"; sourceTree = BUILT_PRODUCTS_DIR; };
		71F4E618224C934B00F847CE /* main.swift */ = {isa = PBXFileReference; lastKnownFileType = sourcecode.swift; path = main.swift; sourceTree = "<group>"; };
/* End PBXFileReference section */

/* Begin PBXFrameworksBuildPhase section */
		71F4E612224C934B00F847CE /* Frameworks */ = {
			isa = PBXFrameworksBuildPhase;
			buildActionMask = 2147483647;
			files = (
			);
			runOnlyForDeploymentPostprocessing = 0;
		};
/* End PBXFrameworksBuildPhase section */

/* Begin PBXGroup section */
		71EB3660224CCF4A00FA2708 /* Iterator */ = {
			isa = PBXGroup;
			children = (
			);
			path = Iterator;
			sourceTree = "<group>";
		};
		71EB3667224CD40000FA2708 /* Client */ = {
			isa = PBXGroup;
			children = (
				71EB3668224CD40C00FA2708 /* Client.swift */,
			);
			path = Client;
			sourceTree = "<group>";
		};
		71F4E60C224C934B00F847CE = {
			isa = PBXGroup;
			children = (
				71F4E617224C934B00F847CE /* 迭代器 */,
				71F4E616224C934B00F847CE /* Products */,
			);
			sourceTree = "<group>";
		};
		71F4E616224C934B00F847CE /* Products */ = {
			isa = PBXGroup;
			children = (
				71F4E615224C934B00F847CE /* 迭代器 */,
			);
			name = Products;
			sourceTree = "<group>";
		};
		71F4E617224C934B00F847CE /* 迭代器 */ = {
			isa = PBXGroup;
			children = (
				71EB3667224CD40000FA2708 /* Client */,
				71EB3660224CCF4A00FA2708 /* Iterator */,
				71F4E61F224C936300F847CE /* Menu */,
				71F4E618224C934B00F847CE /* main.swift */,
			);
			path = "迭代器";
			sourceTree = "<group>";
		};
		71F4E61F224C936300F847CE /* Menu */ = {
			isa = PBXGroup;
			children = (
				71EE223A22519B8B00637860 /* MenuComponent.swift */,
				71EE223C2251A41400637860 /* Menu.swift */,
				711A11BA2251E03500DF5658 /* MenuItem.swift */,
			);
			name = Menu;
			sourceTree = "<group>";
		};
/* End PBXGroup section */

/* Begin PBXNativeTarget section */
		71F4E614224C934B00F847CE /* 迭代器 */ = {
			isa = PBXNativeTarget;
			buildConfigurationList = 71F4E61C224C934B00F847CE /* Build configuration list for PBXNativeTarget "迭代器" */;
			buildPhases = (
				71F4E611224C934B00F847CE /* Sources */,
				71F4E612224C934B00F847CE /* Frameworks */,
				71F4E613224C934B00F847CE /* CopyFiles */,
			);
			buildRules = (
			);
			dependencies = (
			);
			name = "迭代器";
			productName = "迭代器";
			productReference = 71F4E615224C934B00F847CE /* 迭代器 */;
			productType = "com.apple.product-type.tool";
		};
/* End PBXNativeTarget section */

/* Begin PBXProject section */
		71F4E60D224C934B00F847CE /* Project object */ = {
			isa = PBXProject;
			attributes = {
				LastSwiftUpdateCheck = 1010;
				LastUpgradeCheck = 1010;
				ORGANIZATIONNAME = Honey;
				TargetAttributes = {
					71F4E614224C934B00F847CE = {
						CreatedOnToolsVersion = 10.1;
					};
				};
			};
			buildConfigurationList = 71F4E610224C934B00F847CE /* Build configuration list for PBXProject "迭代器" */;
			compatibilityVersion = "Xcode 9.3";
			developmentRegion = en;
			hasScannedForEncodings = 0;
			knownRegions = (
				en,
			);
			mainGroup = 71F4E60C224C934B00F847CE;
			productRefGroup = 71F4E616224C934B00F847CE /* Products */;
			projectDirPath = "";
			projectRoot = "";
			targets = (
				71F4E614224C934B00F847CE /* 迭代器 */,
			);
		};
/* End PBXProject section */

/* Begin PBXSourcesBuildPhase section */
		71F4E611224C934B00F847CE /* Sources */ = {
			isa = PBXSourcesBuildPhase;
			buildActionMask = 2147483647;
			files = (
				71EE223B22519B8B00637860 /* MenuComponent.swift in Sources */,
				711A11BB2251E03500DF5658 /* MenuItem.swift in Sources */,
				71EE223D2251A41400637860 /* Menu.swift in Sources */,
				71EB3669224CD40C00FA2708 /* Client.swift in Sources */,
				71F4E619224C934B00F847CE /* main.swift in Sources */,
			);
			runOnlyForDeploymentPostprocessing = 0;
		};
/* End PBXSourcesBuildPhase section */

/* Begin XCBuildConfiguration section */
		71F4E61A224C934B00F847CE /* Debug */ = {
			isa = XCBuildConfiguration;
			buildSettings = {
				ALWAYS_SEARCH_USER_PATHS = NO;
				CLANG_ANALYZER_NONNULL = YES;
				CLANG_ANALYZER_NUMBER_OBJECT_CONVERSION = YES_AGGRESSIVE;
				CLANG_CXX_LANGUAGE_STANDARD = "gnu++14";
				CLANG_CXX_LIBRARY = "libc++";
				CLANG_ENABLE_MODULES = YES;
				CLANG_ENABLE_OBJC_ARC = YES;
				CLANG_ENABLE_OBJC_WEAK = YES;
				CLANG_WARN_BLOCK_CAPTURE_AUTORELEASING = YES;
				CLANG_WARN_BOOL_CONVERSION = YES;
				CLANG_WARN_COMMA = YES;
				CLANG_WARN_CONSTANT_CONVERSION = YES;
				CLANG_WARN_DEPRECATED_OBJC_IMPLEMENTATIONS = YES;
				CLANG_WARN_DIRECT_OBJC_ISA_USAGE = YES_ERROR;
				CLANG_WARN_DOCUMENTATION_COMMENTS = YES;
				CLANG_WARN_EMPTY_BODY = YES;
				CLANG_WARN_ENUM_CONVERSION = YES;
				CLANG_WARN_INFINITE_RECURSION = YES;
				CLANG_WARN_INT_CONVERSION = YES;
				CLANG_WARN_NON_LITERAL_NULL_CONVERSION = YES;
				CLANG_WARN_OBJC_IMPLICIT_RETAIN_SELF = YES;
				CLANG_WARN_OBJC_LITERAL_CONVERSION = YES;
				CLANG_WARN_OBJC_ROOT_CLASS = YES_ERROR;
				CLANG_WARN_RANGE_LOOP_ANALYSIS = YES;
				CLANG_WARN_STRICT_PROTOTYPES = YES;
				CLANG_WARN_SUSPICIOUS_MOVE = YES;
				CLANG_WARN_UNGUARDED_AVAILABILITY = YES_AGGRESSIVE;
				CLANG_WARN_UNREACHABLE_CODE = YES;
				CLANG_WARN__DUPLICATE_METHOD_MATCH = YES;
				CODE_SIGN_IDENTITY = "Mac Developer";
				COPY_PHASE_STRIP = NO;
				DEBUG_INFORMATION_FORMAT = dwarf;
				ENABLE_STRICT_OBJC_MSGSEND = YES;
				ENABLE_TESTABILITY = YES;
				GCC_C_LANGUAGE_STANDARD = gnu11;
				GCC_DYNAMIC_NO_PIC = NO;
				GCC_NO_COMMON_BLOCKS = YES;
				GCC_OPTIMIZATION_LEVEL = 0;
				GCC_PREPROCESSOR_DEFINITIONS = (
					"DEBUG=1",
					"$(inherited)",
				);
				GCC_WARN_64_TO_32_BIT_CONVERSION = YES;
				GCC_WARN_ABOUT_RETURN_TYPE = YES_ERROR;
				GCC_WARN_UNDECLARED_SELECTOR = YES;
				GCC_WARN_UNINITIALIZED_AUTOS = YES_AGGRESSIVE;
				GCC_WARN_UNUSED_FUNCTION = YES;
				GCC_WARN_UNUSED_VARIABLE = YES;
				MACOSX_DEPLOYMENT_TARGET = 10.14;
				MTL_ENABLE_DEBUG_INFO = INCLUDE_SOURCE;
				MTL_FAST_MATH = YES;
				ONLY_ACTIVE_ARCH = YES;
				SDKROOT = macosx;
				SWIFT_ACTIVE_COMPILATION_CONDITIONS = DEBUG;
				SWIFT_OPTIMIZATION_LEVEL = "-Onone";
			};
			name = Debug;
		};
		71F4E61B224C934B00F847CE /* Release */ = {
			isa = XCBuildConfiguration;
			buildSettings = {
				ALWAYS_SEARCH_USER_PATHS = NO;
				CLANG_ANALYZER_NONNULL = YES;
				CLANG_ANALYZER_NUMBER_OBJECT_CONVERSION = YES_AGGRESSIVE;
				CLANG_CXX_LANGUAGE_STANDARD = "gnu++14";
				CLANG_CXX_LIBRARY = "libc++";
				CLANG_ENABLE_MODULES = YES;
				CLANG_ENABLE_OBJC_ARC = YES;
				CLANG_ENABLE_OBJC_WEAK = YES;
				CLANG_WARN_BLOCK_CAPTURE_AUTORELEASING = YES;
				CLANG_WARN_BOOL_CONVERSION = YES;
				CLANG_WARN_COMMA = YES;
				CLANG_WARN_CONSTANT_CONVERSION = YES;
				CLANG_WARN_DEPRECATED_OBJC_IMPLEMENTATIONS = YES;
				CLANG_WARN_DIRECT_OBJC_ISA_USAGE = YES_ERROR;
				CLANG_WARN_DOCUMENTATION_COMMENTS = YES;
				CLANG_WARN_EMPTY_BODY = YES;
				CLANG_WARN_ENUM_CONVERSION = YES;
				CLANG_WARN_INFINITE_RECURSION = YES;
				CLANG_WARN_INT_CONVERSION = YES;
				CLANG_WARN_NON_LITERAL_NULL_CONVERSION = YES;
				CLANG_WARN_OBJC_IMPLICIT_RETAIN_SELF = YES;
				CLANG_WARN_OBJC_LITERAL_CONVERSION = YES;
				CLANG_WARN_OBJC_ROOT_CLASS = YES_ERROR;
				CLANG_WARN_RANGE_LOOP_ANALYSIS = YES;
				CLANG_WARN_STRICT_PROTOTYPES = YES;
				CLANG_WARN_SUSPICIOUS_MOVE = YES;
				CLANG_WARN_UNGUARDED_AVAILABILITY = YES_AGGRESSIVE;
				CLANG_WARN_UNREACHABLE_CODE = YES;
				CLANG_WARN__DUPLICATE_METHOD_MATCH = YES;
				CODE_SIGN_IDENTITY = "Mac Developer";
				COPY_PHASE_STRIP = NO;
				DEBUG_INFORMATION_FORMAT = "dwarf-with-dsym";
				ENABLE_NS_ASSERTIONS = NO;
				ENABLE_STRICT_OBJC_MSGSEND = YES;
				GCC_C_LANGUAGE_STANDARD = gnu11;
				GCC_NO_COMMON_BLOCKS = YES;
				GCC_WARN_64_TO_32_BIT_CONVERSION = YES;
				GCC_WARN_ABOUT_RETURN_TYPE = YES_ERROR;
				GCC_WARN_UNDECLARED_SELECTOR = YES;
				GCC_WARN_UNINITIALIZED_AUTOS = YES_AGGRESSIVE;
				GCC_WARN_UNUSED_FUNCTION = YES;
				GCC_WARN_UNUSED_VARIABLE = YES;
				MACOSX_DEPLOYMENT_TARGET = 10.14;
				MTL_ENABLE_DEBUG_INFO = NO;
				MTL_FAST_MATH = YES;
				SDKROOT = macosx;
				SWIFT_COMPILATION_MODE = wholemodule;
				SWIFT_OPTIMIZATION_LEVEL = "-O";
			};
			name = Release;
		};
		71F4E61D224C934B00F847CE /* Debug */ = {
			isa = XCBuildConfiguration;
			buildSettings = {
				CODE_SIGN_STYLE = Automatic;
				DEVELOPMENT_TEAM = RF8573ZW29;
				PRODUCT_NAME = "$(TARGET_NAME)";
				SWIFT_VERSION = 4.2;
			};
			name = Debug;
		};
		71F4E61E224C934B00F847CE /* Release */ = {
			isa = XCBuildConfiguration;
			buildSettings = {
				CODE_SIGN_STYLE = Automatic;
				DEVELOPMENT_TEAM = RF8573ZW29;
				PRODUCT_NAME = "$(TARGET_NAME)";
				SWIFT_VERSION = 4.2;
			};
			name = Release;
		};
/* End XCBuildConfiguration section */

/* Begin XCConfigurationList section */
		71F4E610224C934B00F847CE /* Build configuration list for PBXProject "迭代器" */ = {
			isa = XCConfigurationList;
			buildConfigurations = (
				71F4E61A224C934B00F847CE /* Debug */,
				71F4E61B224C934B00F847CE /* Release */,
			);
			defaultConfigurationIsVisible = 0;
			defaultConfigurationName = Release;
		};
		71F4E61C224C934B00F847CE /* Build configuration list for PBXNativeTarget "迭代器" */ = {
			isa = XCConfigurationList;
			buildConfigurations = (
				71F4E61D224C934B00F847CE /* Debug */,
				71F4E61E224C934B00F847CE /* Release */,
			);
			defaultConfigurationIsVisible = 0;
			defaultConfigurationName = Release;
		};
/* End XCConfigurationList section */
	};
	rootObject = 71F4E60D224C934B00F847CE /* Project object */;
}
